
Microsoft Visual Studio Solution File, Format Version 12.00
# Visual Studio Version 16
VisualStudioVersion = 16.0.28803.202
MinimumVisualStudioVersion = 10.0.40219.1
Project("{FAE04EC0-301F-11D3-BF4B-00C04F79EFBC}") = "Northwind_Product", "Northwind_Product\Northwind_Product.csproj", "{CECDD961-B67B-4AB4-B53F-6FCDEC7EA356}"
EndProject
Global
	GlobalSection(SolutionConfigurationPlatforms) = preSolution
		Debug|Any CPU = Debug|Any CPU
		Release|Any CPU = Release|Any CPU
	EndGlobalSection
	GlobalSection(ProjectConfigurationPlatforms) = postSolution
		{CECDD961-B67B-4AB4-B53F-6FCDEC7EA356}.Debug|Any CPU.ActiveCfg = Debug|Any CPU
		{CECDD961-B67B-4AB4-B53F-6FCDEC7EA356}.Debug|Any CPU.Build.0 = Debug|Any CPU
		{CECDD961-B67B-4AB4-B53F-6FCDEC7EA356}.Release|Any CPU.ActiveCfg = Release|Any CPU
		{CECDD961-B67B-4AB4-B53F-6FCDEC7EA356}.Release|Any CPU.Build.0 = Release|Any CPU
	EndGlobalSection
	GlobalSection(SolutionProperties) = preSolution
		HideSolutionNode = FALSE
	EndGlobalSection
	GlobalSection(ExtensibilityGlobals) = postSolution
		SolutionGuid = {F802A355-37F2-472B-B503-0A61CE331FA7}
	EndGlobalSection
EndGlobal
